
Microsoft Visual Studio Solution File, Format Version 12.00
# Visual Studio Version 17
VisualStudioVersion = 17.5.33530.505
MinimumVisualStudioVersion = 10.0.40219.1
Project("{FAE04EC0-301F-11D3-BF4B-00C04F79EFBC}") = "Andritz-Solution", "Andritz-Solution\Andritz-Solution.csproj", "{7A3826FF-0912-485D-BD16-D57AF6780A04}"
EndProject
Global
	GlobalSection(SolutionConfigurationPlatforms) = preSolution
		Debug|Any CPU = Debug|Any CPU
		Release|Any CPU = Release|Any CPU
	EndGlobalSection
	GlobalSection(ProjectConfigurationPlatforms) = postSolution
		{7A3826FF-0912-485D-BD16-D57AF6780A04}.Debug|Any CPU.ActiveCfg = Debug|Any CPU
		{7A3826FF-0912-485D-BD16-D57AF6780A04}.Debug|Any CPU.Build.0 = Debug|Any CPU
		{7A3826FF-0912-485D-BD16-D57AF6780A04}.Release|Any CPU.ActiveCfg = Release|Any CPU
		{7A3826FF-0912-485D-BD16-D57AF6780A04}.Release|Any CPU.Build.0 = Release|Any CPU
	EndGlobalSection
	GlobalSection(SolutionProperties) = preSolution
		HideSolutionNode = FALSE
	EndGlobalSection
	GlobalSection(ExtensibilityGlobals) = postSolution
		SolutionGuid = {CE99068D-92AF-4619-B598-9FF425F464A8}
	EndGlobalSection
EndGlobal
